// !$*UTF8*$!
{
	archiveVersion = 1;
	classes = {
	};
	objectVersion = 46;
	objects = {

/* Begin PBXBuildFile section */
		9827FEB01DE549BC00AA8257 /* pokemon.csv in Resources */ = {isa = PBXBuildFile; fileRef = 9827FEAF1DE549BC00AA8257 /* pokemon.csv */; };
		9827FEB21DE550E200AA8257 /* Pokemon.swift in Sources */ = {isa = PBXBuildFile; fileRef = 9827FEB11DE550E200AA8257 /* Pokemon.swift */; };
		9827FEB71DE5619200AA8257 /* pokeCellCollectionViewCell.swift in Sources */ = {isa = PBXBuildFile; fileRef = 9827FEB61DE5619200AA8257 /* pokeCellCollectionViewCell.swift */; };
		98C17B541DE25B5900558ECB /* AppDelegate.swift in Sources */ = {isa = PBXBuildFile; fileRef = 98C17B531DE25B5900558ECB /* AppDelegate.swift */; };
		98C17B561DE25B5900558ECB /* ViewController.swift in Sources */ = {isa = PBXBuildFile; fileRef = 98C17B551DE25B5900558ECB /* ViewController.swift */; };
		98C17B591DE25B5900558ECB /* Main.storyboard in Resources */ = {isa = PBXBuildFile; fileRef = 98C17B571DE25B5900558ECB /* Main.storyboard */; };
		98C17B5B1DE25B5900558ECB /* Assets.xcassets in Resources */ = {isa = PBXBuildFile; fileRef = 98C17B5A1DE25B5900558ECB /* Assets.xcassets */; };
		98C17B5E1DE25B5900558ECB /* LaunchScreen.storyboard in Resources */ = {isa = PBXBuildFile; fileRef = 98C17B5C1DE25B5900558ECB /* LaunchScreen.storyboard */; };
		98C17B691DE25B5900558ECB /* PokeInfoTests.swift in Sources */ = {isa = PBXBuildFile; fileRef = 98C17B681DE25B5900558ECB /* PokeInfoTests.swift */; };
		98C17B741DE25B5900558ECB /* PokeInfoUITests.swift in Sources */ = {isa = PBXBuildFile; fileRef = 98C17B731DE25B5900558ECB /* PokeInfoUITests.swift */; };
		98FC26EA1DE6E2010096403B /* csv.swift in Sources */ = {isa = PBXBuildFile; fileRef = 98FC26E91DE6E2010096403B /* csv.swift */; };
/* End PBXBuildFile section */

/* Begin PBXContainerItemProxy section */
		98C17B651DE25B5900558ECB /* PBXContainerItemProxy */ = {
			isa = PBXContainerItemProxy;
			containerPortal = 98C17B481DE25B5900558ECB /* Project object */;
			proxyType = 1;
			remoteGlobalIDString = 98C17B4F1DE25B5900558ECB;
			remoteInfo = PokeInfo;
		};
		98C17B701DE25B5900558ECB /* PBXContainerItemProxy */ = {
			isa = PBXContainerItemProxy;
			containerPortal = 98C17B481DE25B5900558ECB /* Project object */;
			proxyType = 1;
			remoteGlobalIDString = 98C17B4F1DE25B5900558ECB;
			remoteInfo = PokeInfo;
		};
/* End PBXContainerItemProxy section */

/* Begin PBXFileReference section */
		9827FEAF1DE549BC00AA8257 /* pokemon.csv */ = {isa = PBXFileReference; fileEncoding = 4; lastKnownFileType = text; path = pokemon.csv; sourceTree = "<group>"; };
		9827FEB11DE550E200AA8257 /* Pokemon.swift */ = {isa = PBXFileReference; fileEncoding = 4; lastKnownFileType = sourcecode.swift; path = Pokemon.swift; sourceTree = "<group>"; };
		9827FEB61DE5619200AA8257 /* pokeCellCollectionViewCell.swift */ = {isa = PBXFileReference; fileEncoding = 4; lastKnownFileType = sourcecode.swift; path = pokeCellCollectionViewCell.swift; sourceTree = "<group>"; };
		98C17B501DE25B5900558ECB /* PokeInfo.app */ = {isa = PBXFileReference; explicitFileType = wrapper.application; includeInIndex = 0; path = PokeInfo.app; sourceTree = BUILT_PRODUCTS_DIR; };
		98C17B531DE25B5900558ECB /* AppDelegate.swift */ = {isa = PBXFileReference; lastKnownFileType = sourcecode.swift; path = AppDelegate.swift; sourceTree = "<group>"; };
		98C17B551DE25B5900558ECB /* ViewController.swift */ = {isa = PBXFileReference; lastKnownFileType = sourcecode.swift; path = ViewController.swift; sourceTree = "<group>"; };
		98C17B581DE25B5900558ECB /* Base */ = {isa = PBXFileReference; lastKnownFileType = file.storyboard; name = Base; path = Base.lproj/Main.storyboard; sourceTree = "<group>"; };
		98C17B5A1DE25B5900558ECB /* Assets.xcassets */ = {isa = PBXFileReference; lastKnownFileType = folder.assetcatalog; path = Assets.xcassets; sourceTree = "<group>"; };
		98C17B5D1DE25B5900558ECB /* Base */ = {isa = PBXFileReference; lastKnownFileType = file.storyboard; name = Base; path = Base.lproj/LaunchScreen.storyboard; sourceTree = "<group>"; };
		98C17B5F1DE25B5900558ECB /* Info.plist */ = {isa = PBXFileReference; lastKnownFileType = text.plist.xml; path = Info.plist; sourceTree = "<group>"; };
		98C17B641DE25B5900558ECB /* PokeInfoTests.xctest */ = {isa = PBXFileReference; explicitFileType = wrapper.cfbundle; includeInIndex = 0; path = PokeInfoTests.xctest; sourceTree = BUILT_PRODUCTS_DIR; };
		98C17B681DE25B5900558ECB /* PokeInfoTests.swift */ = {isa = PBXFileReference; lastKnownFileType = sourcecode.swift; path = PokeInfoTests.swift; sourceTree = "<group>"; };
		98C17B6A1DE25B5900558ECB /* Info.plist */ = {isa = PBXFileReference; lastKnownFileType = text.plist.xml; path = Info.plist; sourceTree = "<group>"; };
		98C17B6F1DE25B5900558ECB /* PokeInfoUITests.xctest */ = {isa = PBXFileReference; explicitFileType = wrapper.cfbundle; includeInIndex = 0; path = PokeInfoUITests.xctest; sourceTree = BUILT_PRODUCTS_DIR; };
		98C17B731DE25B5900558ECB /* PokeInfoUITests.swift */ = {isa = PBXFileReference; lastKnownFileType = sourcecode.swift; path = PokeInfoUITests.swift; sourceTree = "<group>"; };
		98C17B751DE25B5900558ECB /* Info.plist */ = {isa = PBXFileReference; lastKnownFileType = text.plist.xml; path = Info.plist; sourceTree = "<group>"; };
		98FC26E91DE6E2010096403B /* csv.swift */ = {isa = PBXFileReference; fileEncoding = 4; lastKnownFileType = sourcecode.swift; path = csv.swift; sourceTree = "<group>"; };
/* End PBXFileReference section */

/* Begin PBXFrameworksBuildPhase section */
		98C17B4D1DE25B5900558ECB /* Frameworks */ = {
			isa = PBXFrameworksBuildPhase;
			buildActionMask = 2147483647;
			files = (
			);
			runOnlyForDeploymentPostprocessing = 0;
		};
		98C17B611DE25B5900558ECB /* Frameworks */ = {
			isa = PBXFrameworksBuildPhase;
			buildActionMask = 2147483647;
			files = (
			);
			runOnlyForDeploymentPostprocessing = 0;
		};
		98C17B6C1DE25B5900558ECB /* Frameworks */ = {
			isa = PBXFrameworksBuildPhase;
			buildActionMask = 2147483647;
			files = (
			);
			runOnlyForDeploymentPostprocessing = 0;
		};
/* End PBXFrameworksBuildPhase section */

/* Begin PBXGroup section */
		9827FEB31DE550E800AA8257 /* Model */ = {
			isa = PBXGroup;
			children = (
				9827FEB11DE550E200AA8257 /* Pokemon.swift */,
			);
			name = Model;
			sourceTree = "<group>";
		};
		9827FEB81DE5737A00AA8257 /* View */ = {
			isa = PBXGroup;
			children = (
				9827FEB61DE5619200AA8257 /* pokeCellCollectionViewCell.swift */,
			);
			name = View;
			sourceTree = "<group>";
		};
		98C17B471DE25B5900558ECB = {
			isa = PBXGroup;
			children = (
				98C17B521DE25B5900558ECB /* PokeInfo */,
				98C17B671DE25B5900558ECB /* PokeInfoTests */,
				98C17B721DE25B5900558ECB /* PokeInfoUITests */,
				98C17B511DE25B5900558ECB /* Products */,
			);
			sourceTree = "<group>";
		};
		98C17B511DE25B5900558ECB /* Products */ = {
			isa = PBXGroup;
			children = (
				98C17B501DE25B5900558ECB /* PokeInfo.app */,
				98C17B641DE25B5900558ECB /* PokeInfoTests.xctest */,
				98C17B6F1DE25B5900558ECB /* PokeInfoUITests.xctest */,
			);
			name = Products;
			sourceTree = "<group>";
		};
		98C17B521DE25B5900558ECB /* PokeInfo */ = {
			isa = PBXGroup;
			children = (
				9827FEB31DE550E800AA8257 /* Model */,
				9827FEB81DE5737A00AA8257 /* View */,
				98C17B551DE25B5900558ECB /* ViewController.swift */,
				98C17B531DE25B5900558ECB /* AppDelegate.swift */,
				98C17B571DE25B5900558ECB /* Main.storyboard */,
				98C17B5A1DE25B5900558ECB /* Assets.xcassets */,
				98C17B5C1DE25B5900558ECB /* LaunchScreen.storyboard */,
				9827FEAF1DE549BC00AA8257 /* pokemon.csv */,
				98FC26E91DE6E2010096403B /* csv.swift */,
				98C17B5F1DE25B5900558ECB /* Info.plist */,
			);
			path = PokeInfo;
			sourceTree = "<group>";
		};
		98C17B671DE25B5900558ECB /* PokeInfoTests */ = {
			isa = PBXGroup;
			children = (
				98C17B681DE25B5900558ECB /* PokeInfoTests.swift */,
				98C17B6A1DE25B5900558ECB /* Info.plist */,
			);
			path = PokeInfoTests;
			sourceTree = "<group>";
		};
		98C17B721DE25B5900558ECB /* PokeInfoUITests */ = {
			isa = PBXGroup;
			children = (
				98C17B731DE25B5900558ECB /* PokeInfoUITests.swift */,
				98C17B751DE25B5900558ECB /* Info.plist */,
			);
			path = PokeInfoUITests;
			sourceTree = "<group>";
		};
/* End PBXGroup section */

/* Begin PBXNativeTarget section */
		98C17B4F1DE25B5900558ECB /* PokeInfo */ = {
			isa = PBXNativeTarget;
			buildConfigurationList = 98C17B781DE25B5900558ECB /* Build configuration list for PBXNativeTarget "PokeInfo" */;
			buildPhases = (
				98C17B4C1DE25B5900558ECB /* Sources */,
				98C17B4D1DE25B5900558ECB /* Frameworks */,
				98C17B4E1DE25B5900558ECB /* Resources */,
			);
			buildRules = (
			);
			dependencies = (
			);
			name = PokeInfo;
			productName = PokeInfo;
			productReference = 98C17B501DE25B5900558ECB /* PokeInfo.app */;
			productType = "com.apple.product-type.application";
		};
		98C17B631DE25B5900558ECB /* PokeInfoTests */ = {
			isa = PBXNativeTarget;
			buildConfigurationList = 98C17B7B1DE25B5900558ECB /* Build configuration list for PBXNativeTarget "PokeInfoTests" */;
			buildPhases = (
				98C17B601DE25B5900558ECB /* Sources */,
				98C17B611DE25B5900558ECB /* Frameworks */,
				98C17B621DE25B5900558ECB /* Resources */,
			);
			buildRules = (
			);
			dependencies = (
				98C17B661DE25B5900558ECB /* PBXTargetDependency */,
			);
			name = PokeInfoTests;
			productName = PokeInfoTests;
			productReference = 98C17B641DE25B5900558ECB /* PokeInfoTests.xctest */;
			productType = "com.apple.product-type.bundle.unit-test";
		};
		98C17B6E1DE25B5900558ECB /* PokeInfoUITests */ = {
			isa = PBXNativeTarget;
			buildConfigurationList = 98C17B7E1DE25B5900558ECB /* Build configuration list for PBXNativeTarget "PokeInfoUITests" */;
			buildPhases = (
				98C17B6B1DE25B5900558ECB /* Sources */,
				98C17B6C1DE25B5900558ECB /* Frameworks */,
				98C17B6D1DE25B5900558ECB /* Resources */,
			);
			buildRules = (
			);
			dependencies = (
				98C17B711DE25B5900558ECB /* PBXTargetDependency */,
			);
			name = PokeInfoUITests;
			productName = PokeInfoUITests;
			productReference = 98C17B6F1DE25B5900558ECB /* PokeInfoUITests.xctest */;
			productType = "com.apple.product-type.bundle.ui-testing";
		};
/* End PBXNativeTarget section */

/* Begin PBXProject section */
		98C17B481DE25B5900558ECB /* Project object */ = {
			isa = PBXProject;
			attributes = {
				LastSwiftUpdateCheck = 0810;
				LastUpgradeCheck = 0810;
				ORGANIZATIONNAME = "shashank kannam";
				TargetAttributes = {
					98C17B4F1DE25B5900558ECB = {
						CreatedOnToolsVersion = 8.1;
						DevelopmentTeam = 3777KUBFEB;
						LastSwiftMigration = 0810;
						ProvisioningStyle = Automatic;
					};
					98C17B631DE25B5900558ECB = {
						CreatedOnToolsVersion = 8.1;
						DevelopmentTeam = 3777KUBFEB;
						LastSwiftMigration = 0810;
						ProvisioningStyle = Automatic;
						TestTargetID = 98C17B4F1DE25B5900558ECB;
					};
					98C17B6E1DE25B5900558ECB = {
						CreatedOnToolsVersion = 8.1;
						DevelopmentTeam = 3777KUBFEB;
						LastSwiftMigration = 0810;
						ProvisioningStyle = Automatic;
						TestTargetID = 98C17B4F1DE25B5900558ECB;
					};
				};
			};
			buildConfigurationList = 98C17B4B1DE25B5900558ECB /* Build configuration list for PBXProject "PokeInfo" */;
			compatibilityVersion = "Xcode 3.2";
			developmentRegion = English;
			hasScannedForEncodings = 0;
			knownRegions = (
				en,
				Base,
			);
			mainGroup = 98C17B471DE25B5900558ECB;
			productRefGroup = 98C17B511DE25B5900558ECB /* Products */;
			projectDirPath = "";
			projectRoot = "";
			targets = (
				98C17B4F1DE25B5900558ECB /* PokeInfo */,
				98C17B631DE25B5900558ECB /* PokeInfoTests */,
				98C17B6E1DE25B5900558ECB /* PokeInfoUITests */,
			);
		};
/* End PBXProject section */

/* Begin PBXResourcesBuildPhase section */
		98C17B4E1DE25B5900558ECB /* Resources */ = {
			isa = PBXResourcesBuildPhase;
			buildActionMask = 2147483647;
			files = (
				98C17B5E1DE25B5900558ECB /* LaunchScreen.storyboard in Resources */,
				98C17B5B1DE25B5900558ECB /* Assets.xcassets in Resources */,
				9827FEB01DE549BC00AA8257 /* pokemon.csv in Resources */,
				98C17B591DE25B5900558ECB /* Main.storyboard in Resources */,
			);
			runOnlyForDeploymentPostprocessing = 0;
		};
		98C17B621DE25B5900558ECB /* Resources */ = {
			isa = PBXResourcesBuildPhase;
			buildActionMask = 2147483647;
			files = (
			);
			runOnlyForDeploymentPostprocessing = 0;
		};
		98C17B6D1DE25B5900558ECB /* Resources */ = {
			isa = PBXResourcesBuildPhase;
			buildActionMask = 2147483647;
			files = (
			);
			runOnlyForDeploymentPostprocessing = 0;
		};
/* End PBXResourcesBuildPhase section */

/* Begin PBXSourcesBuildPhase section */
		98C17B4C1DE25B5900558ECB /* Sources */ = {
			isa = PBXSourcesBuildPhase;
			buildActionMask = 2147483647;
			files = (
				98C17B561DE25B5900558ECB /* ViewController.swift in Sources */,
				98C17B541DE25B5900558ECB /* AppDelegate.swift in Sources */,
				9827FEB71DE5619200AA8257 /* pokeCellCollectionViewCell.swift in Sources */,
				9827FEB21DE550E200AA8257 /* Pokemon.swift in Sources */,
				98FC26EA1DE6E2010096403B /* csv.swift in Sources */,
			);
			runOnlyForDeploymentPostprocessing = 0;
		};
		98C17B601DE25B5900558ECB /* Sources */ = {
			isa = PBXSourcesBuildPhase;
			buildActionMask = 2147483647;
			files = (
				98C17B691DE25B5900558ECB /* PokeInfoTests.swift in Sources */,
			);
			runOnlyForDeploymentPostprocessing = 0;
		};
		98C17B6B1DE25B5900558ECB /* Sources */ = {
			isa = PBXSourcesBuildPhase;
			buildActionMask = 2147483647;
			files = (
				98C17B741DE25B5900558ECB /* PokeInfoUITests.swift in Sources */,
			);
			runOnlyForDeploymentPostprocessing = 0;
		};
/* End PBXSourcesBuildPhase section */

/* Begin PBXTargetDependency section */
		98C17B661DE25B5900558ECB /* PBXTargetDependency */ = {
			isa = PBXTargetDependency;
			target = 98C17B4F1DE25B5900558ECB /* PokeInfo */;
			targetProxy = 98C17B651DE25B5900558ECB /* PBXContainerItemProxy */;
		};
		98C17B711DE25B5900558ECB /* PBXTargetDependency */ = {
			isa = PBXTargetDependency;
			target = 98C17B4F1DE25B5900558ECB /* PokeInfo */;
			targetProxy = 98C17B701DE25B5900558ECB /* PBXContainerItemProxy */;
		};
/* End PBXTargetDependency section */

/* Begin PBXVariantGroup section */
		98C17B571DE25B5900558ECB /* Main.storyboard */ = {
			isa = PBXVariantGroup;
			children = (
				98C17B581DE25B5900558ECB /* Base */,
			);
			name = Main.storyboard;
			sourceTree = "<group>";
		};
		98C17B5C1DE25B5900558ECB /* LaunchScreen.storyboard */ = {
			isa = PBXVariantGroup;
			children = (
				98C17B5D1DE25B5900558ECB /* Base */,
			);
			name = LaunchScreen.storyboard;
			sourceTree = "<group>";
		};
/* End PBXVariantGroup section */

/* Begin XCBuildConfiguration section */
		98C17B761DE25B5900558ECB /* Debug */ = {
			isa = XCBuildConfiguration;
			buildSettings = {
				ALWAYS_SEARCH_USER_PATHS = NO;
				CLANG_ANALYZER_NONNULL = YES;
				CLANG_CXX_LANGUAGE_STANDARD = "gnu++0x";
				CLANG_CXX_LIBRARY = "libc++";
				CLANG_ENABLE_MODULES = YES;
				CLANG_ENABLE_OBJC_ARC = YES;
				CLANG_WARN_BOOL_CONVERSION = YES;
				CLANG_WARN_CONSTANT_CONVERSION = YES;
				CLANG_WARN_DIRECT_OBJC_ISA_USAGE = YES_ERROR;
				CLANG_WARN_DOCUMENTATION_COMMENTS = YES;
				CLANG_WARN_EMPTY_BODY = YES;
				CLANG_WARN_ENUM_CONVERSION = YES;
				CLANG_WARN_INFINITE_RECURSION = YES;
				CLANG_WARN_INT_CONVERSION = YES;
				CLANG_WARN_OBJC_ROOT_CLASS = YES_ERROR;
				CLANG_WARN_SUSPICIOUS_MOVES = YES;
				CLANG_WARN_UNREACHABLE_CODE = YES;
				CLANG_WARN__DUPLICATE_METHOD_MATCH = YES;
				"CODE_SIGN_IDENTITY[sdk=iphoneos*]" = "iPhone Developer";
				COPY_PHASE_STRIP = NO;
				DEBUG_INFORMATION_FORMAT = dwarf;
				ENABLE_STRICT_OBJC_MSGSEND = YES;
				ENABLE_TESTABILITY = YES;
				GCC_C_LANGUAGE_STANDARD = gnu99;
				GCC_DYNAMIC_NO_PIC = NO;
				GCC_NO_COMMON_BLOCKS = YES;
				GCC_OPTIMIZATION_LEVEL = 0;
				GCC_PREPROCESSOR_DEFINITIONS = (
					"DEBUG=1",
					"$(inherited)",
				);
				GCC_WARN_64_TO_32_BIT_CONVERSION = YES;
				GCC_WARN_ABOUT_RETURN_TYPE = YES_ERROR;
				GCC_WARN_UNDECLARED_SELECTOR = YES;
				GCC_WARN_UNINITIALIZED_AUTOS = YES_AGGRESSIVE;
				GCC_WARN_UNUSED_FUNCTION = YES;
				GCC_WARN_UNUSED_VARIABLE = YES;
				IPHONEOS_DEPLOYMENT_TARGET = 10.1;
				MTL_ENABLE_DEBUG_INFO = YES;
				ONLY_ACTIVE_ARCH = YES;
				SDKROOT = iphoneos;
				SWIFT_ACTIVE_COMPILATION_CONDITIONS = DEBUG;
				SWIFT_OPTIMIZATION_LEVEL = "-Onone";
				TARGETED_DEVICE_FAMILY = "1,2";
			};
			name = Debug;
		};
		98C17B771DE25B5900558ECB /* Release */ = {
			isa = XCBuildConfiguration;
			buildSettings = {
				ALWAYS_SEARCH_USER_PATHS = NO;
				CLANG_ANALYZER_NONNULL = YES;
				CLANG_CXX_LANGUAGE_STANDARD = "gnu++0x";
				CLANG_CXX_LIBRARY = "libc++";
				CLANG_ENABLE_MODULES = YES;
				CLANG_ENABLE_OBJC_ARC = YES;
				CLANG_WARN_BOOL_CONVERSION = YES;
				CLANG_WARN_CONSTANT_CONVERSION = YES;
				CLANG_WARN_DIRECT_OBJC_ISA_USAGE = YES_ERROR;
				CLANG_WARN_DOCUMENTATION_COMMENTS = YES;
				CLANG_WARN_EMPTY_BODY = YES;
				CLANG_WARN_ENUM_CONVERSION = YES;
				CLANG_WARN_INFINITE_RECURSION = YES;
				CLANG_WARN_INT_CONVERSION = YES;
				CLANG_WARN_OBJC_ROOT_CLASS = YES_ERROR;
				CLANG_WARN_SUSPICIOUS_MOVES = YES;
				CLANG_WARN_UNREACHABLE_CODE = YES;
				CLANG_WARN__DUPLICATE_METHOD_MATCH = YES;
				"CODE_SIGN_IDENTITY[sdk=iphoneos*]" = "iPhone Developer";
				COPY_PHASE_STRIP = NO;
				DEBUG_INFORMATION_FORMAT = "dwarf-with-dsym";
				ENABLE_NS_ASSERTIONS = NO;
				ENABLE_STRICT_OBJC_MSGSEND = YES;
				GCC_C_LANGUAGE_STANDARD = gnu99;
				GCC_NO_COMMON_BLOCKS = YES;
				GCC_WARN_64_TO_32_BIT_CONVERSION = YES;
				GCC_WARN_ABOUT_RETURN_TYPE = YES_ERROR;
				GCC_WARN_UNDECLARED_SELECTOR = YES;
				GCC_WARN_UNINITIALIZED_AUTOS = YES_AGGRESSIVE;
				GCC_WARN_UNUSED_FUNCTION = YES;
				GCC_WARN_UNUSED_VARIABLE = YES;
				IPHONEOS_DEPLOYMENT_TARGET = 10.1;
				MTL_ENABLE_DEBUG_INFO = NO;
				SDKROOT = iphoneos;
				SWIFT_OPTIMIZATION_LEVEL = "-Owholemodule";
				TARGETED_DEVICE_FAMILY = "1,2";
				VALIDATE_PRODUCT = YES;
			};
			name = Release;
		};
		98C17B791DE25B5900558ECB /* Debug */ = {
			isa = XCBuildConfiguration;
			buildSettings = {
				ASSETCATALOG_COMPILER_APPICON_NAME = AppIcon;
				DEVELOPMENT_TEAM = 3777KUBFEB;
				INFOPLIST_FILE = PokeInfo/Info.plist;
				LD_RUNPATH_SEARCH_PATHS = "$(inherited) @executable_path/Frameworks";
				PRODUCT_BUNDLE_IDENTIFIER = KS.PokeInfo;
				PRODUCT_NAME = "$(TARGET_NAME)";
				SWIFT_VERSION = 3.0;
			};
			name = Debug;
		};
		98C17B7A1DE25B5900558ECB /* Release */ = {
			isa = XCBuildConfiguration;
			buildSettings = {
				ASSETCATALOG_COMPILER_APPICON_NAME = AppIcon;
				DEVELOPMENT_TEAM = 3777KUBFEB;
				INFOPLIST_FILE = PokeInfo/Info.plist;
				LD_RUNPATH_SEARCH_PATHS = "$(inherited) @executable_path/Frameworks";
				PRODUCT_BUNDLE_IDENTIFIER = KS.PokeInfo;
				PRODUCT_NAME = "$(TARGET_NAME)";
				SWIFT_VERSION = 3.0;
			};
			name = Release;
		};
		98C17B7C1DE25B5900558ECB /* Debug */ = {
			isa = XCBuildConfiguration;
			buildSettings = {
				ALWAYS_EMBED_SWIFT_STANDARD_LIBRARIES = YES;
				BUNDLE_LOADER = "$(TEST_HOST)";
				DEVELOPMENT_TEAM = 3777KUBFEB;
				INFOPLIST_FILE = PokeInfoTests/Info.plist;
				LD_RUNPATH_SEARCH_PATHS = "$(inherited) @executable_path/Frameworks @loader_path/Frameworks";
				PRODUCT_BUNDLE_IDENTIFIER = KS.PokeInfoTests;
				PRODUCT_NAME = "$(TARGET_NAME)";
				SWIFT_VERSION = 3.0;
				TEST_HOST = "$(BUILT_PRODUCTS_DIR)/PokeInfo.app/PokeInfo";
			};
			name = Debug;
		};
		98C17B7D1DE25B5900558ECB /* Release */ = {
			isa = XCBuildConfiguration;
			buildSettings = {
				ALWAYS_EMBED_SWIFT_STANDARD_LIBRARIES = YES;
				BUNDLE_LOADER = "$(TEST_HOST)";
				DEVELOPMENT_TEAM = 3777KUBFEB;
				INFOPLIST_FILE = PokeInfoTests/Info.plist;
				LD_RUNPATH_SEARCH_PATHS = "$(inherited) @executable_path/Frameworks @loader_path/Frameworks";
				PRODUCT_BUNDLE_IDENTIFIER = KS.PokeInfoTests;
				PRODUCT_NAME = "$(TARGET_NAME)";
				SWIFT_VERSION = 3.0;
				TEST_HOST = "$(BUILT_PRODUCTS_DIR)/PokeInfo.app/PokeInfo";
			};
			name = Release;
		};
		98C17B7F1DE25B5900558ECB /* Debug */ = {
			isa = XCBuildConfiguration;
			buildSettings = {
				ALWAYS_EMBED_SWIFT_STANDARD_LIBRARIES = YES;
				DEVELOPMENT_TEAM = 3777KUBFEB;
				INFOPLIST_FILE = PokeInfoUITests/Info.plist;
				LD_RUNPATH_SEARCH_PATHS = "$(inherited) @executable_path/Frameworks @loader_path/Frameworks";
				PRODUCT_BUNDLE_IDENTIFIER = KS.PokeInfoUITests;
				PRODUCT_NAME = "$(TARGET_NAME)";
				SWIFT_VERSION = 3.0;
				TEST_TARGET_NAME = PokeInfo;
			};
			name = Debug;
		};
		98C17B801DE25B5900558ECB /* Release */ = {
			isa = XCBuildConfiguration;
			buildSettings = {
				ALWAYS_EMBED_SWIFT_STANDARD_LIBRARIES = YES;
				DEVELOPMENT_TEAM = 3777KUBFEB;
				INFOPLIST_FILE = PokeInfoUITests/Info.plist;
				LD_RUNPATH_SEARCH_PATHS = "$(inherited) @executable_path/Frameworks @loader_path/Frameworks";
				PRODUCT_BUNDLE_IDENTIFIER = KS.PokeInfoUITests;
				PRODUCT_NAME = "$(TARGET_NAME)";
				SWIFT_VERSION = 3.0;
				TEST_TARGET_NAME = PokeInfo;
			};
			name = Release;
		};
/* End XCBuildConfiguration section */

/* Begin XCConfigurationList section */
		98C17B4B1DE25B5900558ECB /* Build configuration list for PBXProject "PokeInfo" */ = {
			isa = XCConfigurationList;
			buildConfigurations = (
				98C17B761DE25B5900558ECB /* Debug */,
				98C17B771DE25B5900558ECB /* Release */,
			);
			defaultConfigurationIsVisible = 0;
			defaultConfigurationName = Release;
		};
		98C17B781DE25B5900558ECB /* Build configuration list for PBXNativeTarget "PokeInfo" */ = {
			isa = XCConfigurationList;
			buildConfigurations = (
				98C17B791DE25B5900558ECB /* Debug */,
				98C17B7A1DE25B5900558ECB /* Release */,
			);
			defaultConfigurationIsVisible = 0;
			defaultConfigurationName = Release;
		};
		98C17B7B1DE25B5900558ECB /* Build configuration list for PBXNativeTarget "PokeInfoTests" */ = {
			isa = XCConfigurationList;
			buildConfigurations = (
				98C17B7C1DE25B5900558ECB /* Debug */,
				98C17B7D1DE25B5900558ECB /* Release */,
			);
			defaultConfigurationIsVisible = 0;
			defaultConfigurationName = Release;
		};
		98C17B7E1DE25B5900558ECB /* Build configuration list for PBXNativeTarget "PokeInfoUITests" */ = {
			isa = XCConfigurationList;
			buildConfigurations = (
				98C17B7F1DE25B5900558ECB /* Debug */,
				98C17B801DE25B5900558ECB /* Release */,
			);
			defaultConfigurationIsVisible = 0;
			defaultConfigurationName = Release;
		};
/* End XCConfigurationList section */
	};
	rootObject = 98C17B481DE25B5900558ECB /* Project object */;
}
